
Microsoft Visual Studio Solution File, Format Version 12.00
# Visual Studio Version 17
VisualStudioVersion = 17.0.31903.59
MinimumVisualStudioVersion = 10.0.40219.1
Project("{FAE04EC0-301F-11D3-BF4B-00C04F79EFBC}") = "ConsultaAutofill.AspNetCore", "ConsultaAutofill.AspNetCore/ConsultaAutofill.AspNetCore.csproj", "{F6A733A5-88F6-4F7E-9CB9-7F1EBFD3AF01}"
EndProject
Project("{FAE04EC0-301F-11D3-BF4B-00C04F79EFBC}") = "ConsultaAutofill.AspNetCore.Tests", "ConsultaAutofill.AspNetCore.Tests/ConsultaAutofill.AspNetCore.Tests.csproj", "{EAAC1F7A-4D24-45A9-A498-678A47E1C62D}"
EndProject
Global
	GlobalSection(SolutionConfigurationPlatforms) = preSolution
		Debug|Any CPU = Debug|Any CPU
		Release|Any CPU = Release|Any CPU
	EndGlobalSection
	GlobalSection(ProjectConfigurationPlatforms) = postSolution
		{F6A733A5-88F6-4F7E-9CB9-7F1EBFD3AF01}.Debug|Any CPU.ActiveCfg = Debug|Any CPU
		{F6A733A5-88F6-4F7E-9CB9-7F1EBFD3AF01}.Debug|Any CPU.Build.0 = Debug|Any CPU
		{F6A733A5-88F6-4F7E-9CB9-7F1EBFD3AF01}.Release|Any CPU.ActiveCfg = Release|Any CPU
		{F6A733A5-88F6-4F7E-9CB9-7F1EBFD3AF01}.Release|Any CPU.Build.0 = Release|Any CPU
		{EAAC1F7A-4D24-45A9-A498-678A47E1C62D}.Debug|Any CPU.ActiveCfg = Debug|Any CPU
		{EAAC1F7A-4D24-45A9-A498-678A47E1C62D}.Debug|Any CPU.Build.0 = Debug|Any CPU
		{EAAC1F7A-4D24-45A9-A498-678A47E1C62D}.Release|Any CPU.ActiveCfg = Release|Any CPU
		{EAAC1F7A-4D24-45A9-A498-678A47E1C62D}.Release|Any CPU.Build.0 = Release|Any CPU
	EndGlobalSection
EndGlobal
